// !$*UTF8*$!
{
	archiveVersion = 1;
	classes = {
	};
	objectVersion = 56;
	objects = {

/* Begin PBXBuildFile section */
		0B336AAD2B3EF76E00CFCF48 /* GameStreamApp.swift in Sources */ = {isa = PBXBuildFile; fileRef = 0B336AAC2B3EF76E00CFCF48 /* GameStreamApp.swift */; };
		0B336AAF2B3EF76E00CFCF48 /* ContentView.swift in Sources */ = {isa = PBXBuildFile; fileRef = 0B336AAE2B3EF76E00CFCF48 /* ContentView.swift */; };
		0B336AB12B3EF76F00CFCF48 /* Assets.xcassets in Resources */ = {isa = PBXBuildFile; fileRef = 0B336AB02B3EF76F00CFCF48 /* Assets.xcassets */; };
		0B336AB42B3EF76F00CFCF48 /* Preview Assets.xcassets in Resources */ = {isa = PBXBuildFile; fileRef = 0B336AB32B3EF76F00CFCF48 /* Preview Assets.xcassets */; };
		0B336ABB2B3F69C100CFCF48 /* LoginView.swift in Sources */ = {isa = PBXBuildFile; fileRef = 0B336ABA2B3F69C100CFCF48 /* LoginView.swift */; };
		0B336ABD2B3F6C9400CFCF48 /* RegistroView.swift in Sources */ = {isa = PBXBuildFile; fileRef = 0B336ABC2B3F6C9400CFCF48 /* RegistroView.swift */; };
		0B9853292B402B6100CC2897 /* Home.swift in Sources */ = {isa = PBXBuildFile; fileRef = 0B9853282B402B6100CC2897 /* Home.swift */; };
		0B98532B2B402E6B00CC2897 /* InicioSessionView.swift in Sources */ = {isa = PBXBuildFile; fileRef = 0B98532A2B402E6B00CC2897 /* InicioSessionView.swift */; };
		0BD1AF4A2B4599DE003CEFE9 /* Utils.swift in Sources */ = {isa = PBXBuildFile; fileRef = 0BD1AF492B4599DE003CEFE9 /* Utils.swift */; };
		0BE2AF9A2B46DA8700E34929 /* GamesView.swift in Sources */ = {isa = PBXBuildFile; fileRef = 0BE2AF992B46DA8700E34929 /* GamesView.swift */; };
		0BE2AF9F2B46DC3200E34929 /* Model.swift in Sources */ = {isa = PBXBuildFile; fileRef = 0BE2AF9E2B46DC3200E34929 /* Model.swift */; };
		0BE2AFA12B46DC4E00E34929 /* ViewModel.swift in Sources */ = {isa = PBXBuildFile; fileRef = 0BE2AFA02B46DC4E00E34929 /* ViewModel.swift */; };
		0BFB1D3B2B4C1E1200F78560 /* Kingfisher in Frameworks */ = {isa = PBXBuildFile; productRef = 0BFB1D3A2B4C1E1200F78560 /* Kingfisher */; };
		0BFB1D3D2B4C20B700F78560 /* GameView.swift in Sources */ = {isa = PBXBuildFile; fileRef = 0BFB1D3C2B4C20B700F78560 /* GameView.swift */; };
/* End PBXBuildFile section */

/* Begin PBXFileReference section */
		0B336AA92B3EF76E00CFCF48 /* GameStream.app */ = {isa = PBXFileReference; explicitFileType = wrapper.application; includeInIndex = 0; path = GameStream.app; sourceTree = BUILT_PRODUCTS_DIR; };
		0B336AAC2B3EF76E00CFCF48 /* GameStreamApp.swift */ = {isa = PBXFileReference; lastKnownFileType = sourcecode.swift; path = GameStreamApp.swift; sourceTree = "<group>"; };
		0B336AAE2B3EF76E00CFCF48 /* ContentView.swift */ = {isa = PBXFileReference; lastKnownFileType = sourcecode.swift; path = ContentView.swift; sourceTree = "<group>"; };
		0B336AB02B3EF76F00CFCF48 /* Assets.xcassets */ = {isa = PBXFileReference; lastKnownFileType = folder.assetcatalog; path = Assets.xcassets; sourceTree = "<group>"; };
		0B336AB32B3EF76F00CFCF48 /* Preview Assets.xcassets */ = {isa = PBXFileReference; lastKnownFileType = folder.assetcatalog; path = "Preview Assets.xcassets"; sourceTree = "<group>"; };
		0B336ABA2B3F69C100CFCF48 /* LoginView.swift */ = {isa = PBXFileReference; lastKnownFileType = sourcecode.swift; path = LoginView.swift; sourceTree = "<group>"; };
		0B336ABC2B3F6C9400CFCF48 /* RegistroView.swift */ = {isa = PBXFileReference; lastKnownFileType = sourcecode.swift; path = RegistroView.swift; sourceTree = "<group>"; };
		0B9853282B402B6100CC2897 /* Home.swift */ = {isa = PBXFileReference; lastKnownFileType = sourcecode.swift; path = Home.swift; sourceTree = "<group>"; };
		0B98532A2B402E6B00CC2897 /* InicioSessionView.swift */ = {isa = PBXFileReference; lastKnownFileType = sourcecode.swift; path = InicioSessionView.swift; sourceTree = "<group>"; };
		0BD1AF492B4599DE003CEFE9 /* Utils.swift */ = {isa = PBXFileReference; lastKnownFileType = sourcecode.swift; path = Utils.swift; sourceTree = "<group>"; };
		0BE2AF992B46DA8700E34929 /* GamesView.swift */ = {isa = PBXFileReference; lastKnownFileType = sourcecode.swift; path = GamesView.swift; sourceTree = "<group>"; };
		0BE2AF9E2B46DC3200E34929 /* Model.swift */ = {isa = PBXFileReference; lastKnownFileType = sourcecode.swift; path = Model.swift; sourceTree = "<group>"; };
		0BE2AFA02B46DC4E00E34929 /* ViewModel.swift */ = {isa = PBXFileReference; lastKnownFileType = sourcecode.swift; path = ViewModel.swift; sourceTree = "<group>"; };
		0BFB1D3C2B4C20B700F78560 /* GameView.swift */ = {isa = PBXFileReference; lastKnownFileType = sourcecode.swift; path = GameView.swift; sourceTree = "<group>"; };
/* End PBXFileReference section */

/* Begin PBXFrameworksBuildPhase section */
		0B336AA62B3EF76E00CFCF48 /* Frameworks */ = {
			isa = PBXFrameworksBuildPhase;
			buildActionMask = 2147483647;
			files = (
				0BFB1D3B2B4C1E1200F78560 /* Kingfisher in Frameworks */,
			);
			runOnlyForDeploymentPostprocessing = 0;
		};
/* End PBXFrameworksBuildPhase section */

/* Begin PBXGroup section */
		0B336AA02B3EF76E00CFCF48 = {
			isa = PBXGroup;
			children = (
				0B336AAB2B3EF76E00CFCF48 /* GameStream */,
				0B336AAA2B3EF76E00CFCF48 /* Products */,
			);
			sourceTree = "<group>";
		};
		0B336AAA2B3EF76E00CFCF48 /* Products */ = {
			isa = PBXGroup;
			children = (
				0B336AA92B3EF76E00CFCF48 /* GameStream.app */,
			);
			name = Products;
			sourceTree = "<group>";
		};
		0B336AAB2B3EF76E00CFCF48 /* GameStream */ = {
			isa = PBXGroup;
			children = (
				0BE2AF9D2B46DBB200E34929 /* VistaModelos */,
				0BE2AF9C2B46DBAA00E34929 /* Modelos */,
				0BE2AF9B2B46DB6600E34929 /* Vistas */,
				0BD1AF482B4599CC003CEFE9 /* Utils */,
				0B336AAC2B3EF76E00CFCF48 /* GameStreamApp.swift */,
				0B336AB02B3EF76F00CFCF48 /* Assets.xcassets */,
				0B336AB22B3EF76F00CFCF48 /* Preview Content */,
			);
			path = GameStream;
			sourceTree = "<group>";
		};
		0B336AB22B3EF76F00CFCF48 /* Preview Content */ = {
			isa = PBXGroup;
			children = (
				0B336AB32B3EF76F00CFCF48 /* Preview Assets.xcassets */,
			);
			path = "Preview Content";
			sourceTree = "<group>";
		};
		0BD1AF482B4599CC003CEFE9 /* Utils */ = {
			isa = PBXGroup;
			children = (
				0BD1AF492B4599DE003CEFE9 /* Utils.swift */,
			);
			path = Utils;
			sourceTree = "<group>";
		};
		0BE2AF9B2B46DB6600E34929 /* Vistas */ = {
			isa = PBXGroup;
			children = (
				0B336AAE2B3EF76E00CFCF48 /* ContentView.swift */,
				0B336ABA2B3F69C100CFCF48 /* LoginView.swift */,
				0B98532A2B402E6B00CC2897 /* InicioSessionView.swift */,
				0B336ABC2B3F6C9400CFCF48 /* RegistroView.swift */,
				0B9853282B402B6100CC2897 /* Home.swift */,
				0BE2AF992B46DA8700E34929 /* GamesView.swift */,
				0BFB1D3C2B4C20B700F78560 /* GameView.swift */,
			);
			path = Vistas;
			sourceTree = "<group>";
		};
		0BE2AF9C2B46DBAA00E34929 /* Modelos */ = {
			isa = PBXGroup;
			children = (
				0BE2AF9E2B46DC3200E34929 /* Model.swift */,
			);
			path = Modelos;
			sourceTree = "<group>";
		};
		0BE2AF9D2B46DBB200E34929 /* VistaModelos */ = {
			isa = PBXGroup;
			children = (
				0BE2AFA02B46DC4E00E34929 /* ViewModel.swift */,
			);
			path = VistaModelos;
			sourceTree = "<group>";
		};
/* End PBXGroup section */

/* Begin PBXNativeTarget section */
		0B336AA82B3EF76E00CFCF48 /* GameStream */ = {
			isa = PBXNativeTarget;
			buildConfigurationList = 0B336AB72B3EF76F00CFCF48 /* Build configuration list for PBXNativeTarget "GameStream" */;
			buildPhases = (
				0B336AA52B3EF76E00CFCF48 /* Sources */,
				0B336AA62B3EF76E00CFCF48 /* Frameworks */,
				0B336AA72B3EF76E00CFCF48 /* Resources */,
			);
			buildRules = (
			);
			dependencies = (
			);
			name = GameStream;
			packageProductDependencies = (
				0BFB1D3A2B4C1E1200F78560 /* Kingfisher */,
			);
			productName = GameStream;
			productReference = 0B336AA92B3EF76E00CFCF48 /* GameStream.app */;
			productType = "com.apple.product-type.application";
		};
/* End PBXNativeTarget section */

/* Begin PBXProject section */
		0B336AA12B3EF76E00CFCF48 /* Project object */ = {
			isa = PBXProject;
			attributes = {
				BuildIndependentTargetsInParallel = 1;
				LastSwiftUpdateCheck = 1430;
				LastUpgradeCheck = 1430;
				TargetAttributes = {
					0B336AA82B3EF76E00CFCF48 = {
						CreatedOnToolsVersion = 14.3;
					};
				};
			};
			buildConfigurationList = 0B336AA42B3EF76E00CFCF48 /* Build configuration list for PBXProject "GameStream" */;
			compatibilityVersion = "Xcode 14.0";
			developmentRegion = en;
			hasScannedForEncodings = 0;
			knownRegions = (
				en,
				Base,
			);
			mainGroup = 0B336AA02B3EF76E00CFCF48;
			packageReferences = (
				0BFB1D392B4C1E1200F78560 /* XCRemoteSwiftPackageReference "Kingfisher" */,
			);
			productRefGroup = 0B336AAA2B3EF76E00CFCF48 /* Products */;
			projectDirPath = "";
			projectRoot = "";
			targets = (
				0B336AA82B3EF76E00CFCF48 /* GameStream */,
			);
		};
/* End PBXProject section */

/* Begin PBXResourcesBuildPhase section */
		0B336AA72B3EF76E00CFCF48 /* Resources */ = {
			isa = PBXResourcesBuildPhase;
			buildActionMask = 2147483647;
			files = (
				0B336AB42B3EF76F00CFCF48 /* Preview Assets.xcassets in Resources */,
				0B336AB12B3EF76F00CFCF48 /* Assets.xcassets in Resources */,
			);
			runOnlyForDeploymentPostprocessing = 0;
		};
/* End PBXResourcesBuildPhase section */

/* Begin PBXSourcesBuildPhase section */
		0B336AA52B3EF76E00CFCF48 /* Sources */ = {
			isa = PBXSourcesBuildPhase;
			buildActionMask = 2147483647;
			files = (
				0BE2AFA12B46DC4E00E34929 /* ViewModel.swift in Sources */,
				0BE2AF9F2B46DC3200E34929 /* Model.swift in Sources */,
				0B336ABB2B3F69C100CFCF48 /* LoginView.swift in Sources */,
				0B98532B2B402E6B00CC2897 /* InicioSessionView.swift in Sources */,
				0BE2AF9A2B46DA8700E34929 /* GamesView.swift in Sources */,
				0BFB1D3D2B4C20B700F78560 /* GameView.swift in Sources */,
				0B336AAF2B3EF76E00CFCF48 /* ContentView.swift in Sources */,
				0BD1AF4A2B4599DE003CEFE9 /* Utils.swift in Sources */,
				0B9853292B402B6100CC2897 /* Home.swift in Sources */,
				0B336AAD2B3EF76E00CFCF48 /* GameStreamApp.swift in Sources */,
				0B336ABD2B3F6C9400CFCF48 /* RegistroView.swift in Sources */,
			);
			runOnlyForDeploymentPostprocessing = 0;
		};
/* End PBXSourcesBuildPhase section */

/* Begin XCBuildConfiguration section */
		0B336AB52B3EF76F00CFCF48 /* Debug */ = {
			isa = XCBuildConfiguration;
			buildSettings = {
				ALWAYS_SEARCH_USER_PATHS = NO;
				CLANG_ANALYZER_NONNULL = YES;
				CLANG_ANALYZER_NUMBER_OBJECT_CONVERSION = YES_AGGRESSIVE;
				CLANG_CXX_LANGUAGE_STANDARD = "gnu++20";
				CLANG_ENABLE_MODULES = YES;
				CLANG_ENABLE_OBJC_ARC = YES;
				CLANG_ENABLE_OBJC_WEAK = YES;
				CLANG_WARN_BLOCK_CAPTURE_AUTORELEASING = YES;
				CLANG_WARN_BOOL_CONVERSION = YES;
				CLANG_WARN_COMMA = YES;
				CLANG_WARN_CONSTANT_CONVERSION = YES;
				CLANG_WARN_DEPRECATED_OBJC_IMPLEMENTATIONS = YES;
				CLANG_WARN_DIRECT_OBJC_ISA_USAGE = YES_ERROR;
				CLANG_WARN_DOCUMENTATION_COMMENTS = YES;
				CLANG_WARN_EMPTY_BODY = YES;
				CLANG_WARN_ENUM_CONVERSION = YES;
				CLANG_WARN_INFINITE_RECURSION = YES;
				CLANG_WARN_INT_CONVERSION = YES;
				CLANG_WARN_NON_LITERAL_NULL_CONVERSION = YES;
				CLANG_WARN_OBJC_IMPLICIT_RETAIN_SELF = YES;
				CLANG_WARN_OBJC_LITERAL_CONVERSION = YES;
				CLANG_WARN_OBJC_ROOT_CLASS = YES_ERROR;
				CLANG_WARN_QUOTED_INCLUDE_IN_FRAMEWORK_HEADER = YES;
				CLANG_WARN_RANGE_LOOP_ANALYSIS = YES;
				CLANG_WARN_STRICT_PROTOTYPES = YES;
				CLANG_WARN_SUSPICIOUS_MOVE = YES;
				CLANG_WARN_UNGUARDED_AVAILABILITY = YES_AGGRESSIVE;
				CLANG_WARN_UNREACHABLE_CODE = YES;
				CLANG_WARN__DUPLICATE_METHOD_MATCH = YES;
				COPY_PHASE_STRIP = NO;
				DEBUG_INFORMATION_FORMAT = dwarf;
				ENABLE_STRICT_OBJC_MSGSEND = YES;
				ENABLE_TESTABILITY = YES;
				GCC_C_LANGUAGE_STANDARD = gnu11;
				GCC_DYNAMIC_NO_PIC = NO;
				GCC_NO_COMMON_BLOCKS = YES;
				GCC_OPTIMIZATION_LEVEL = 0;
				GCC_PREPROCESSOR_DEFINITIONS = (
					"DEBUG=1",
					"$(inherited)",
				);
				GCC_WARN_64_TO_32_BIT_CONVERSION = YES;
				GCC_WARN_ABOUT_RETURN_TYPE = YES_ERROR;
				GCC_WARN_UNDECLARED_SELECTOR = YES;
				GCC_WARN_UNINITIALIZED_AUTOS = YES_AGGRESSIVE;
				GCC_WARN_UNUSED_FUNCTION = YES;
				GCC_WARN_UNUSED_VARIABLE = YES;
				IPHONEOS_DEPLOYMENT_TARGET = 16.4;
				MTL_ENABLE_DEBUG_INFO = INCLUDE_SOURCE;
				MTL_FAST_MATH = YES;
				ONLY_ACTIVE_ARCH = YES;
				SDKROOT = iphoneos;
				SWIFT_ACTIVE_COMPILATION_CONDITIONS = DEBUG;
				SWIFT_OPTIMIZATION_LEVEL = "-Onone";
			};
			name = Debug;
		};
		0B336AB62B3EF76F00CFCF48 /* Release */ = {
			isa = XCBuildConfiguration;
			buildSettings = {
				ALWAYS_SEARCH_USER_PATHS = NO;
				CLANG_ANALYZER_NONNULL = YES;
				CLANG_ANALYZER_NUMBER_OBJECT_CONVERSION = YES_AGGRESSIVE;
				CLANG_CXX_LANGUAGE_STANDARD = "gnu++20";
				CLANG_ENABLE_MODULES = YES;
				CLANG_ENABLE_OBJC_ARC = YES;
				CLANG_ENABLE_OBJC_WEAK = YES;
				CLANG_WARN_BLOCK_CAPTURE_AUTORELEASING = YES;
				CLANG_WARN_BOOL_CONVERSION = YES;
				CLANG_WARN_COMMA = YES;
				CLANG_WARN_CONSTANT_CONVERSION = YES;
				CLANG_WARN_DEPRECATED_OBJC_IMPLEMENTATIONS = YES;
				CLANG_WARN_DIRECT_OBJC_ISA_USAGE = YES_ERROR;
				CLANG_WARN_DOCUMENTATION_COMMENTS = YES;
				CLANG_WARN_EMPTY_BODY = YES;
				CLANG_WARN_ENUM_CONVERSION = YES;
				CLANG_WARN_INFINITE_RECURSION = YES;
				CLANG_WARN_INT_CONVERSION = YES;
				CLANG_WARN_NON_LITERAL_NULL_CONVERSION = YES;
				CLANG_WARN_OBJC_IMPLICIT_RETAIN_SELF = YES;
				CLANG_WARN_OBJC_LITERAL_CONVERSION = YES;
				CLANG_WARN_OBJC_ROOT_CLASS = YES_ERROR;
				CLANG_WARN_QUOTED_INCLUDE_IN_FRAMEWORK_HEADER = YES;
				CLANG_WARN_RANGE_LOOP_ANALYSIS = YES;
				CLANG_WARN_STRICT_PROTOTYPES = YES;
				CLANG_WARN_SUSPICIOUS_MOVE = YES;
				CLANG_WARN_UNGUARDED_AVAILABILITY = YES_AGGRESSIVE;
				CLANG_WARN_UNREACHABLE_CODE = YES;
				CLANG_WARN__DUPLICATE_METHOD_MATCH = YES;
				COPY_PHASE_STRIP = NO;
				DEBUG_INFORMATION_FORMAT = "dwarf-with-dsym";
				ENABLE_NS_ASSERTIONS = NO;
				ENABLE_STRICT_OBJC_MSGSEND = YES;
				GCC_C_LANGUAGE_STANDARD = gnu11;
				GCC_NO_COMMON_BLOCKS = YES;
				GCC_WARN_64_TO_32_BIT_CONVERSION = YES;
				GCC_WARN_ABOUT_RETURN_TYPE = YES_ERROR;
				GCC_WARN_UNDECLARED_SELECTOR = YES;
				GCC_WARN_UNINITIALIZED_AUTOS = YES_AGGRESSIVE;
				GCC_WARN_UNUSED_FUNCTION = YES;
				GCC_WARN_UNUSED_VARIABLE = YES;
				IPHONEOS_DEPLOYMENT_TARGET = 16.4;
				MTL_ENABLE_DEBUG_INFO = NO;
				MTL_FAST_MATH = YES;
				SDKROOT = iphoneos;
				SWIFT_COMPILATION_MODE = wholemodule;
				SWIFT_OPTIMIZATION_LEVEL = "-O";
				VALIDATE_PRODUCT = YES;
			};
			name = Release;
		};
		0B336AB82B3EF76F00CFCF48 /* Debug */ = {
			isa = XCBuildConfiguration;
			buildSettings = {
				ASSETCATALOG_COMPILER_APPICON_NAME = AppIcon;
				ASSETCATALOG_COMPILER_GLOBAL_ACCENT_COLOR_NAME = AccentColor;
				CODE_SIGN_STYLE = Automatic;
				CURRENT_PROJECT_VERSION = 1;
				DEVELOPMENT_ASSET_PATHS = "\"GameStream/Preview Content\"";
				ENABLE_PREVIEWS = YES;
				GENERATE_INFOPLIST_FILE = YES;
				INFOPLIST_KEY_UIApplicationSceneManifest_Generation = YES;
				INFOPLIST_KEY_UIApplicationSupportsIndirectInputEvents = YES;
				INFOPLIST_KEY_UILaunchScreen_Generation = YES;
				INFOPLIST_KEY_UISupportedInterfaceOrientations_iPad = "UIInterfaceOrientationPortrait UIInterfaceOrientationPortraitUpsideDown UIInterfaceOrientationLandscapeLeft UIInterfaceOrientationLandscapeRight";
				INFOPLIST_KEY_UISupportedInterfaceOrientations_iPhone = "UIInterfaceOrientationPortrait UIInterfaceOrientationLandscapeLeft UIInterfaceOrientationLandscapeRight";
				LD_RUNPATH_SEARCH_PATHS = (
					"$(inherited)",
					"@executable_path/Frameworks",
				);
				MARKETING_VERSION = 1.0;
				PRODUCT_BUNDLE_IDENTIFIER = dev.ahuaman.GameStream;
				PRODUCT_NAME = "$(TARGET_NAME)";
				SWIFT_EMIT_LOC_STRINGS = YES;
				SWIFT_VERSION = 5.0;
				TARGETED_DEVICE_FAMILY = "1,2";
			};
			name = Debug;
		};
		0B336AB92B3EF76F00CFCF48 /* Release */ = {
			isa = XCBuildConfiguration;
			buildSettings = {
				ASSETCATALOG_COMPILER_APPICON_NAME = AppIcon;
				ASSETCATALOG_COMPILER_GLOBAL_ACCENT_COLOR_NAME = AccentColor;
				CODE_SIGN_STYLE = Automatic;
				CURRENT_PROJECT_VERSION = 1;
				DEVELOPMENT_ASSET_PATHS = "\"GameStream/Preview Content\"";
				ENABLE_PREVIEWS = YES;
				GENERATE_INFOPLIST_FILE = YES;
				INFOPLIST_KEY_UIApplicationSceneManifest_Generation = YES;
				INFOPLIST_KEY_UIApplicationSupportsIndirectInputEvents = YES;
				INFOPLIST_KEY_UILaunchScreen_Generation = YES;
				INFOPLIST_KEY_UISupportedInterfaceOrientations_iPad = "UIInterfaceOrientationPortrait UIInterfaceOrientationPortraitUpsideDown UIInterfaceOrientationLandscapeLeft UIInterfaceOrientationLandscapeRight";
				INFOPLIST_KEY_UISupportedInterfaceOrientations_iPhone = "UIInterfaceOrientationPortrait UIInterfaceOrientationLandscapeLeft UIInterfaceOrientationLandscapeRight";
				LD_RUNPATH_SEARCH_PATHS = (
					"$(inherited)",
					"@executable_path/Frameworks",
				);
				MARKETING_VERSION = 1.0;
				PRODUCT_BUNDLE_IDENTIFIER = dev.ahuaman.GameStream;
				PRODUCT_NAME = "$(TARGET_NAME)";
				SWIFT_EMIT_LOC_STRINGS = YES;
				SWIFT_VERSION = 5.0;
				TARGETED_DEVICE_FAMILY = "1,2";
			};
			name = Release;
		};
/* End XCBuildConfiguration section */

/* Begin XCConfigurationList section */
		0B336AA42B3EF76E00CFCF48 /* Build configuration list for PBXProject "GameStream" */ = {
			isa = XCConfigurationList;
			buildConfigurations = (
				0B336AB52B3EF76F00CFCF48 /* Debug */,
				0B336AB62B3EF76F00CFCF48 /* Release */,
			);
			defaultConfigurationIsVisible = 0;
			defaultConfigurationName = Release;
		};
		0B336AB72B3EF76F00CFCF48 /* Build configuration list for PBXNativeTarget "GameStream" */ = {
			isa = XCConfigurationList;
			buildConfigurations = (
				0B336AB82B3EF76F00CFCF48 /* Debug */,
				0B336AB92B3EF76F00CFCF48 /* Release */,
			);
			defaultConfigurationIsVisible = 0;
			defaultConfigurationName = Release;
		};
/* End XCConfigurationList section */

/* Begin XCRemoteSwiftPackageReference section */
		0BFB1D392B4C1E1200F78560 /* XCRemoteSwiftPackageReference "Kingfisher" */ = {
			isa = XCRemoteSwiftPackageReference;
			repositoryURL = "https://github.com/onevcat/Kingfisher.git";
			requirement = {
				kind = upToNextMajorVersion;
				minimumVersion = 7.0.0;
			};
		};
/* End XCRemoteSwiftPackageReference section */

/* Begin XCSwiftPackageProductDependency section */
		0BFB1D3A2B4C1E1200F78560 /* Kingfisher */ = {
			isa = XCSwiftPackageProductDependency;
			package = 0BFB1D392B4C1E1200F78560 /* XCRemoteSwiftPackageReference "Kingfisher" */;
			productName = Kingfisher;
		};
/* End XCSwiftPackageProductDependency section */
	};
	rootObject = 0B336AA12B3EF76E00CFCF48 /* Project object */;
}
